
Microsoft Visual Studio Solution File, Format Version 12.00
# Visual Studio Version 17
VisualStudioVersion = 17.3.32819.101
MinimumVisualStudioVersion = 10.0.40219.1
Project("{9A19103F-16F7-4668-BE54-9A1E7A4F7556}") = "Core", "Core\Core.csproj", "{D5CDCFEB-F70A-427D-9496-A1A688214106}"
EndProject
Project("{9A19103F-16F7-4668-BE54-9A1E7A4F7556}") = "Serialization.Abstractions", "Serialization.Abstractions\Serialization.Abstractions.csproj", "{BDD6EFE0-681D-43C3-8AD6-7F1F4BB10CDD}"
EndProject
Project("{9A19103F-16F7-4668-BE54-9A1E7A4F7556}") = "Example", "Example\Example.csproj", "{69E0868F-C83E-4F58-AF5E-5C2DA8BE9492}"
EndProject
Project("{9A19103F-16F7-4668-BE54-9A1E7A4F7556}") = "Tests", "Tests\Tests.csproj", "{87E48E62-B2A9-459E-8C69-14BA8E26E003}"
EndProject
Project("{FAE04EC0-301F-11D3-BF4B-00C04F79EFBC}") = "Tracer.Serialization", "Tracer.Serialization\Tracer.Serialization.csproj", "{DEE8CBDD-7C73-4400-95EE-B4938578B51F}"
EndProject
Global
	GlobalSection(SolutionConfigurationPlatforms) = preSolution
		Debug|Any CPU = Debug|Any CPU
		Release|Any CPU = Release|Any CPU
	EndGlobalSection
	GlobalSection(ProjectConfigurationPlatforms) = postSolution
		{D5CDCFEB-F70A-427D-9496-A1A688214106}.Debug|Any CPU.ActiveCfg = Debug|Any CPU
		{D5CDCFEB-F70A-427D-9496-A1A688214106}.Debug|Any CPU.Build.0 = Debug|Any CPU
		{D5CDCFEB-F70A-427D-9496-A1A688214106}.Release|Any CPU.ActiveCfg = Release|Any CPU
		{D5CDCFEB-F70A-427D-9496-A1A688214106}.Release|Any CPU.Build.0 = Release|Any CPU
		{BDD6EFE0-681D-43C3-8AD6-7F1F4BB10CDD}.Debug|Any CPU.ActiveCfg = Debug|Any CPU
		{BDD6EFE0-681D-43C3-8AD6-7F1F4BB10CDD}.Debug|Any CPU.Build.0 = Debug|Any CPU
		{BDD6EFE0-681D-43C3-8AD6-7F1F4BB10CDD}.Release|Any CPU.ActiveCfg = Release|Any CPU
		{BDD6EFE0-681D-43C3-8AD6-7F1F4BB10CDD}.Release|Any CPU.Build.0 = Release|Any CPU
		{69E0868F-C83E-4F58-AF5E-5C2DA8BE9492}.Debug|Any CPU.ActiveCfg = Debug|Any CPU
		{69E0868F-C83E-4F58-AF5E-5C2DA8BE9492}.Debug|Any CPU.Build.0 = Debug|Any CPU
		{69E0868F-C83E-4F58-AF5E-5C2DA8BE9492}.Release|Any CPU.ActiveCfg = Release|Any CPU
		{69E0868F-C83E-4F58-AF5E-5C2DA8BE9492}.Release|Any CPU.Build.0 = Release|Any CPU
		{87E48E62-B2A9-459E-8C69-14BA8E26E003}.Debug|Any CPU.ActiveCfg = Debug|Any CPU
		{87E48E62-B2A9-459E-8C69-14BA8E26E003}.Debug|Any CPU.Build.0 = Debug|Any CPU
		{87E48E62-B2A9-459E-8C69-14BA8E26E003}.Release|Any CPU.ActiveCfg = Release|Any CPU
		{87E48E62-B2A9-459E-8C69-14BA8E26E003}.Release|Any CPU.Build.0 = Release|Any CPU
		{DEE8CBDD-7C73-4400-95EE-B4938578B51F}.Debug|Any CPU.ActiveCfg = Debug|Any CPU
		{DEE8CBDD-7C73-4400-95EE-B4938578B51F}.Debug|Any CPU.Build.0 = Debug|Any CPU
		{DEE8CBDD-7C73-4400-95EE-B4938578B51F}.Release|Any CPU.ActiveCfg = Release|Any CPU
		{DEE8CBDD-7C73-4400-95EE-B4938578B51F}.Release|Any CPU.Build.0 = Release|Any CPU
	EndGlobalSection
	GlobalSection(SolutionProperties) = preSolution
		HideSolutionNode = FALSE
	EndGlobalSection
	GlobalSection(ExtensibilityGlobals) = postSolution
		SolutionGuid = {44D76BBE-1974-4EDE-86D4-0A3415A04F6F}
	EndGlobalSection
EndGlobal
